
Microsoft Visual Studio Solution File, Format Version 12.00
# Visual Studio Version 17
VisualStudioVersion = 17.2.32519.379
MinimumVisualStudioVersion = 10.0.40219.1
Project("{9A19103F-16F7-4668-BE54-9A1E7A4F7556}") = "Flowstate.DynamicBuilder", "src\Flowstate.DynamicBuilder\Flowstate.DynamicBuilder.csproj", "{A668A973-DDAD-45CD-8D29-000265EBA1C7}"
EndProject
Project("{FAE04EC0-301F-11D3-BF4B-00C04F79EFBC}") = "Flowstate.DynamicBuilder.Tests.UnitTests", "tests\Flowstate.DynamicBuilder.Tests.UnitTests\Flowstate.DynamicBuilder.Tests.UnitTests.csproj", "{F2F8B4C1-004C-4922-8FFB-F941803BBA2F}"
EndProject
Global
	GlobalSection(SolutionConfigurationPlatforms) = preSolution
		Debug|Any CPU = Debug|Any CPU
		Release|Any CPU = Release|Any CPU
	EndGlobalSection
	GlobalSection(ProjectConfigurationPlatforms) = postSolution
		{A668A973-DDAD-45CD-8D29-000265EBA1C7}.Debug|Any CPU.ActiveCfg = Debug|Any CPU
		{A668A973-DDAD-45CD-8D29-000265EBA1C7}.Debug|Any CPU.Build.0 = Debug|Any CPU
		{A668A973-DDAD-45CD-8D29-000265EBA1C7}.Release|Any CPU.ActiveCfg = Release|Any CPU
		{A668A973-DDAD-45CD-8D29-000265EBA1C7}.Release|Any CPU.Build.0 = Release|Any CPU
		{F2F8B4C1-004C-4922-8FFB-F941803BBA2F}.Debug|Any CPU.ActiveCfg = Debug|Any CPU
		{F2F8B4C1-004C-4922-8FFB-F941803BBA2F}.Debug|Any CPU.Build.0 = Debug|Any CPU
		{F2F8B4C1-004C-4922-8FFB-F941803BBA2F}.Release|Any CPU.ActiveCfg = Release|Any CPU
		{F2F8B4C1-004C-4922-8FFB-F941803BBA2F}.Release|Any CPU.Build.0 = Release|Any CPU
	EndGlobalSection
	GlobalSection(SolutionProperties) = preSolution
		HideSolutionNode = FALSE
	EndGlobalSection
	GlobalSection(ExtensibilityGlobals) = postSolution
		SolutionGuid = {118D1D40-9D0C-4E73-8560-F1B75080BA46}
	EndGlobalSection
EndGlobal
